// !$*UTF8*$!
{
	archiveVersion = 1;
	classes = {
	};
	objectVersion = 46;
	objects = {

/* Begin PBXBuildFile section */
		5C052A591A6ED7E70016B6AA /* main.m in Sources */ = {isa = PBXBuildFile; fileRef = 5C052A581A6ED7E70016B6AA /* main.m */; };
		5C052A5C1A6ED7E70016B6AA /* AppDelegate.m in Sources */ = {isa = PBXBuildFile; fileRef = 5C052A5B1A6ED7E70016B6AA /* AppDelegate.m */; };
		5C052A5F1A6ED7E70016B6AA /* ViewController.m in Sources */ = {isa = PBXBuildFile; fileRef = 5C052A5E1A6ED7E70016B6AA /* ViewController.m */; };
		5C052A621A6ED7E70016B6AA /* Main.storyboard in Resources */ = {isa = PBXBuildFile; fileRef = 5C052A601A6ED7E70016B6AA /* Main.storyboard */; };
		5C052A641A6ED7E70016B6AA /* Images.xcassets in Resources */ = {isa = PBXBuildFile; fileRef = 5C052A631A6ED7E70016B6AA /* Images.xcassets */; };
		5C052A671A6ED7E70016B6AA /* LaunchScreen.xib in Resources */ = {isa = PBXBuildFile; fileRef = 5C052A651A6ED7E70016B6AA /* LaunchScreen.xib */; };
		5C052A731A6ED7E80016B6AA /* ProlificInterviewQuestionTests.m in Sources */ = {isa = PBXBuildFile; fileRef = 5C052A721A6ED7E80016B6AA /* ProlificInterviewQuestionTests.m */; };
/* End PBXBuildFile section */

/* Begin PBXContainerItemProxy section */
		5C052A6D1A6ED7E80016B6AA /* PBXContainerItemProxy */ = {
			isa = PBXContainerItemProxy;
			containerPortal = 5C052A4B1A6ED7E70016B6AA /* Project object */;
			proxyType = 1;
			remoteGlobalIDString = 5C052A521A6ED7E70016B6AA;
			remoteInfo = ProlificInterviewQuestion;
		};
/* End PBXContainerItemProxy section */

/* Begin PBXFileReference section */
		5C052A531A6ED7E70016B6AA /* ProlificInterviewQuestion.app */ = {isa = PBXFileReference; explicitFileType = wrapper.application; includeInIndex = 0; path = ProlificInterviewQuestion.app; sourceTree = BUILT_PRODUCTS_DIR; };
		5C052A571A6ED7E70016B6AA /* Info.plist */ = {isa = PBXFileReference; lastKnownFileType = text.plist.xml; path = Info.plist; sourceTree = "<group>"; };
		5C052A581A6ED7E70016B6AA /* main.m */ = {isa = PBXFileReference; lastKnownFileType = sourcecode.c.objc; path = main.m; sourceTree = "<group>"; };
		5C052A5A1A6ED7E70016B6AA /* AppDelegate.h */ = {isa = PBXFileReference; lastKnownFileType = sourcecode.c.h; path = AppDelegate.h; sourceTree = "<group>"; };
		5C052A5B1A6ED7E70016B6AA /* AppDelegate.m */ = {isa = PBXFileReference; lastKnownFileType = sourcecode.c.objc; path = AppDelegate.m; sourceTree = "<group>"; };
		5C052A5D1A6ED7E70016B6AA /* ViewController.h */ = {isa = PBXFileReference; lastKnownFileType = sourcecode.c.h; path = ViewController.h; sourceTree = "<group>"; };
		5C052A5E1A6ED7E70016B6AA /* ViewController.m */ = {isa = PBXFileReference; lastKnownFileType = sourcecode.c.objc; path = ViewController.m; sourceTree = "<group>"; };
		5C052A611A6ED7E70016B6AA /* Base */ = {isa = PBXFileReference; lastKnownFileType = file.storyboard; name = Base; path = Base.lproj/Main.storyboard; sourceTree = "<group>"; };
		5C052A631A6ED7E70016B6AA /* Images.xcassets */ = {isa = PBXFileReference; lastKnownFileType = folder.assetcatalog; path = Images.xcassets; sourceTree = "<group>"; };
		5C052A661A6ED7E70016B6AA /* Base */ = {isa = PBXFileReference; lastKnownFileType = file.xib; name = Base; path = Base.lproj/LaunchScreen.xib; sourceTree = "<group>"; };
		5C052A6C1A6ED7E70016B6AA /* ProlificInterviewQuestionTests.xctest */ = {isa = PBXFileReference; explicitFileType = wrapper.cfbundle; includeInIndex = 0; path = ProlificInterviewQuestionTests.xctest; sourceTree = BUILT_PRODUCTS_DIR; };
		5C052A711A6ED7E80016B6AA /* Info.plist */ = {isa = PBXFileReference; lastKnownFileType = text.plist.xml; path = Info.plist; sourceTree = "<group>"; };
		5C052A721A6ED7E80016B6AA /* ProlificInterviewQuestionTests.m */ = {isa = PBXFileReference; lastKnownFileType = sourcecode.c.objc; path = ProlificInterviewQuestionTests.m; sourceTree = "<group>"; };
/* End PBXFileReference section */

/* Begin PBXFrameworksBuildPhase section */
		5C052A501A6ED7E70016B6AA /* Frameworks */ = {
			isa = PBXFrameworksBuildPhase;
			buildActionMask = 2147483647;
			files = (
			);
			runOnlyForDeploymentPostprocessing = 0;
		};
		5C052A691A6ED7E70016B6AA /* Frameworks */ = {
			isa = PBXFrameworksBuildPhase;
			buildActionMask = 2147483647;
			files = (
			);
			runOnlyForDeploymentPostprocessing = 0;
		};
/* End PBXFrameworksBuildPhase section */

/* Begin PBXGroup section */
		5C052A4A1A6ED7E70016B6AA = {
			isa = PBXGroup;
			children = (
				5C052A551A6ED7E70016B6AA /* ProlificInterviewQuestion */,
				5C052A6F1A6ED7E80016B6AA /* ProlificInterviewQuestionTests */,
				5C052A541A6ED7E70016B6AA /* Products */,
			);
			sourceTree = "<group>";
		};
		5C052A541A6ED7E70016B6AA /* Products */ = {
			isa = PBXGroup;
			children = (
				5C052A531A6ED7E70016B6AA /* ProlificInterviewQuestion.app */,
				5C052A6C1A6ED7E70016B6AA /* ProlificInterviewQuestionTests.xctest */,
			);
			name = Products;
			sourceTree = "<group>";
		};
		5C052A551A6ED7E70016B6AA /* ProlificInterviewQuestion */ = {
			isa = PBXGroup;
			children = (
				5C052A5A1A6ED7E70016B6AA /* AppDelegate.h */,
				5C052A5B1A6ED7E70016B6AA /* AppDelegate.m */,
				5C052A5D1A6ED7E70016B6AA /* ViewController.h */,
				5C052A5E1A6ED7E70016B6AA /* ViewController.m */,
				5C052A601A6ED7E70016B6AA /* Main.storyboard */,
				5C052A631A6ED7E70016B6AA /* Images.xcassets */,
				5C052A651A6ED7E70016B6AA /* LaunchScreen.xib */,
				5C052A561A6ED7E70016B6AA /* Supporting Files */,
			);
			path = ProlificInterviewQuestion;
			sourceTree = "<group>";
		};
		5C052A561A6ED7E70016B6AA /* Supporting Files */ = {
			isa = PBXGroup;
			children = (
				5C052A571A6ED7E70016B6AA /* Info.plist */,
				5C052A581A6ED7E70016B6AA /* main.m */,
			);
			name = "Supporting Files";
			sourceTree = "<group>";
		};
		5C052A6F1A6ED7E80016B6AA /* ProlificInterviewQuestionTests */ = {
			isa = PBXGroup;
			children = (
				5C052A721A6ED7E80016B6AA /* ProlificInterviewQuestionTests.m */,
				5C052A701A6ED7E80016B6AA /* Supporting Files */,
			);
			path = ProlificInterviewQuestionTests;
			sourceTree = "<group>";
		};
		5C052A701A6ED7E80016B6AA /* Supporting Files */ = {
			isa = PBXGroup;
			children = (
				5C052A711A6ED7E80016B6AA /* Info.plist */,
			);
			name = "Supporting Files";
			sourceTree = "<group>";
		};
/* End PBXGroup section */

/* Begin PBXNativeTarget section */
		5C052A521A6ED7E70016B6AA /* ProlificInterviewQuestion */ = {
			isa = PBXNativeTarget;
			buildConfigurationList = 5C052A761A6ED7E80016B6AA /* Build configuration list for PBXNativeTarget "ProlificInterviewQuestion" */;
			buildPhases = (
				5C052A4F1A6ED7E70016B6AA /* Sources */,
				5C052A501A6ED7E70016B6AA /* Frameworks */,
				5C052A511A6ED7E70016B6AA /* Resources */,
			);
			buildRules = (
			);
			dependencies = (
			);
			name = ProlificInterviewQuestion;
			productName = ProlificInterviewQuestion;
			productReference = 5C052A531A6ED7E70016B6AA /* ProlificInterviewQuestion.app */;
			productType = "com.apple.product-type.application";
		};
		5C052A6B1A6ED7E70016B6AA /* ProlificInterviewQuestionTests */ = {
			isa = PBXNativeTarget;
			buildConfigurationList = 5C052A791A6ED7E80016B6AA /* Build configuration list for PBXNativeTarget "ProlificInterviewQuestionTests" */;
			buildPhases = (
				5C052A681A6ED7E70016B6AA /* Sources */,
				5C052A691A6ED7E70016B6AA /* Frameworks */,
				5C052A6A1A6ED7E70016B6AA /* Resources */,
			);
			buildRules = (
			);
			dependencies = (
				5C052A6E1A6ED7E80016B6AA /* PBXTargetDependency */,
			);
			name = ProlificInterviewQuestionTests;
			productName = ProlificInterviewQuestionTests;
			productReference = 5C052A6C1A6ED7E70016B6AA /* ProlificInterviewQuestionTests.xctest */;
			productType = "com.apple.product-type.bundle.unit-test";
		};
/* End PBXNativeTarget section */

/* Begin PBXProject section */
		5C052A4B1A6ED7E70016B6AA /* Project object */ = {
			isa = PBXProject;
			attributes = {
				LastUpgradeCheck = 0610;
				ORGANIZATIONNAME = "Henry Savit";
				TargetAttributes = {
					5C052A521A6ED7E70016B6AA = {
						CreatedOnToolsVersion = 6.1.1;
					};
					5C052A6B1A6ED7E70016B6AA = {
						CreatedOnToolsVersion = 6.1.1;
						TestTargetID = 5C052A521A6ED7E70016B6AA;
					};
				};
			};
			buildConfigurationList = 5C052A4E1A6ED7E70016B6AA /* Build configuration list for PBXProject "ProlificInterviewQuestion" */;
			compatibilityVersion = "Xcode 3.2";
			developmentRegion = English;
			hasScannedForEncodings = 0;
			knownRegions = (
				en,
				Base,
			);
			mainGroup = 5C052A4A1A6ED7E70016B6AA;
			productRefGroup = 5C052A541A6ED7E70016B6AA /* Products */;
			projectDirPath = "";
			projectRoot = "";
			targets = (
				5C052A521A6ED7E70016B6AA /* ProlificInterviewQuestion */,
				5C052A6B1A6ED7E70016B6AA /* ProlificInterviewQuestionTests */,
			);
		};
/* End PBXProject section */

/* Begin PBXResourcesBuildPhase section */
		5C052A511A6ED7E70016B6AA /* Resources */ = {
			isa = PBXResourcesBuildPhase;
			buildActionMask = 2147483647;
			files = (
				5C052A621A6ED7E70016B6AA /* Main.storyboard in Resources */,
				5C052A671A6ED7E70016B6AA /* LaunchScreen.xib in Resources */,
				5C052A641A6ED7E70016B6AA /* Images.xcassets in Resources */,
			);
			runOnlyForDeploymentPostprocessing = 0;
		};
		5C052A6A1A6ED7E70016B6AA /* Resources */ = {
			isa = PBXResourcesBuildPhase;
			buildActionMask = 2147483647;
			files = (
			);
			runOnlyForDeploymentPostprocessing = 0;
		};
/* End PBXResourcesBuildPhase section */

/* Begin PBXSourcesBuildPhase section */
		5C052A4F1A6ED7E70016B6AA /* Sources */ = {
			isa = PBXSourcesBuildPhase;
			buildActionMask = 2147483647;
			files = (
				5C052A5F1A6ED7E70016B6AA /* ViewController.m in Sources */,
				5C052A5C1A6ED7E70016B6AA /* AppDelegate.m in Sources */,
				5C052A591A6ED7E70016B6AA /* main.m in Sources */,
			);
			runOnlyForDeploymentPostprocessing = 0;
		};
		5C052A681A6ED7E70016B6AA /* Sources */ = {
			isa = PBXSourcesBuildPhase;
			buildActionMask = 2147483647;
			files = (
				5C052A731A6ED7E80016B6AA /* ProlificInterviewQuestionTests.m in Sources */,
			);
			runOnlyForDeploymentPostprocessing = 0;
		};
/* End PBXSourcesBuildPhase section */

/* Begin PBXTargetDependency section */
		5C052A6E1A6ED7E80016B6AA /* PBXTargetDependency */ = {
			isa = PBXTargetDependency;
			target = 5C052A521A6ED7E70016B6AA /* ProlificInterviewQuestion */;
			targetProxy = 5C052A6D1A6ED7E80016B6AA /* PBXContainerItemProxy */;
		};
/* End PBXTargetDependency section */

/* Begin PBXVariantGroup section */
		5C052A601A6ED7E70016B6AA /* Main.storyboard */ = {
			isa = PBXVariantGroup;
			children = (
				5C052A611A6ED7E70016B6AA /* Base */,
			);
			name = Main.storyboard;
			sourceTree = "<group>";
		};
		5C052A651A6ED7E70016B6AA /* LaunchScreen.xib */ = {
			isa = PBXVariantGroup;
			children = (
				5C052A661A6ED7E70016B6AA /* Base */,
			);
			name = LaunchScreen.xib;
			sourceTree = "<group>";
		};
/* End PBXVariantGroup section */

/* Begin XCBuildConfiguration section */
		5C052A741A6ED7E80016B6AA /* Debug */ = {
			isa = XCBuildConfiguration;
			buildSettings = {
				ALWAYS_SEARCH_USER_PATHS = NO;
				CLANG_CXX_LANGUAGE_STANDARD = "gnu++0x";
				CLANG_CXX_LIBRARY = "libc++";
				CLANG_ENABLE_MODULES = YES;
				CLANG_ENABLE_OBJC_ARC = YES;
				CLANG_WARN_BOOL_CONVERSION = YES;
				CLANG_WARN_CONSTANT_CONVERSION = YES;
				CLANG_WARN_DIRECT_OBJC_ISA_USAGE = YES_ERROR;
				CLANG_WARN_EMPTY_BODY = YES;
				CLANG_WARN_ENUM_CONVERSION = YES;
				CLANG_WARN_INT_CONVERSION = YES;
				CLANG_WARN_OBJC_ROOT_CLASS = YES_ERROR;
				CLANG_WARN_UNREACHABLE_CODE = YES;
				CLANG_WARN__DUPLICATE_METHOD_MATCH = YES;
				"CODE_SIGN_IDENTITY[sdk=iphoneos*]" = "iPhone Developer";
				COPY_PHASE_STRIP = NO;
				ENABLE_STRICT_OBJC_MSGSEND = YES;
				GCC_C_LANGUAGE_STANDARD = gnu99;
				GCC_DYNAMIC_NO_PIC = NO;
				GCC_OPTIMIZATION_LEVEL = 0;
				GCC_PREPROCESSOR_DEFINITIONS = (
					"DEBUG=1",
					"$(inherited)",
				);
				GCC_SYMBOLS_PRIVATE_EXTERN = NO;
				GCC_WARN_64_TO_32_BIT_CONVERSION = YES;
				GCC_WARN_ABOUT_RETURN_TYPE = YES_ERROR;
				GCC_WARN_UNDECLARED_SELECTOR = YES;
				GCC_WARN_UNINITIALIZED_AUTOS = YES_AGGRESSIVE;
				GCC_WARN_UNUSED_FUNCTION = YES;
				GCC_WARN_UNUSED_VARIABLE = YES;
				IPHONEOS_DEPLOYMENT_TARGET = 8.1;
				MTL_ENABLE_DEBUG_INFO = YES;
				ONLY_ACTIVE_ARCH = YES;
				SDKROOT = iphoneos;
			};
			name = Debug;
		};
		5C052A751A6ED7E80016B6AA /* Release */ = {
			isa = XCBuildConfiguration;
			buildSettings = {
				ALWAYS_SEARCH_USER_PATHS = NO;
				CLANG_CXX_LANGUAGE_STANDARD = "gnu++0x";
				CLANG_CXX_LIBRARY = "libc++";
				CLANG_ENABLE_MODULES = YES;
				CLANG_ENABLE_OBJC_ARC = YES;
				CLANG_WARN_BOOL_CONVERSION = YES;
				CLANG_WARN_CONSTANT_CONVERSION = YES;
				CLANG_WARN_DIRECT_OBJC_ISA_USAGE = YES_ERROR;
				CLANG_WARN_EMPTY_BODY = YES;
				CLANG_WARN_ENUM_CONVERSION = YES;
				CLANG_WARN_INT_CONVERSION = YES;
				CLANG_WARN_OBJC_ROOT_CLASS = YES_ERROR;
				CLANG_WARN_UNREACHABLE_CODE = YES;
				CLANG_WARN__DUPLICATE_METHOD_MATCH = YES;
				"CODE_SIGN_IDENTITY[sdk=iphoneos*]" = "iPhone Developer";
				COPY_PHASE_STRIP = YES;
				ENABLE_NS_ASSERTIONS = NO;
				ENABLE_STRICT_OBJC_MSGSEND = YES;
				GCC_C_LANGUAGE_STANDARD = gnu99;
				GCC_WARN_64_TO_32_BIT_CONVERSION = YES;
				GCC_WARN_ABOUT_RETURN_TYPE = YES_ERROR;
				GCC_WARN_UNDECLARED_SELECTOR = YES;
				GCC_WARN_UNINITIALIZED_AUTOS = YES_AGGRESSIVE;
				GCC_WARN_UNUSED_FUNCTION = YES;
				GCC_WARN_UNUSED_VARIABLE = YES;
				IPHONEOS_DEPLOYMENT_TARGET = 8.1;
				MTL_ENABLE_DEBUG_INFO = NO;
				SDKROOT = iphoneos;
				VALIDATE_PRODUCT = YES;
			};
			name = Release;
		};
		5C052A771A6ED7E80016B6AA /* Debug */ = {
			isa = XCBuildConfiguration;
			buildSettings = {
				ASSETCATALOG_COMPILER_APPICON_NAME = AppIcon;
				INFOPLIST_FILE = ProlificInterviewQuestion/Info.plist;
				LD_RUNPATH_SEARCH_PATHS = "$(inherited) @executable_path/Frameworks";
				PRODUCT_NAME = "$(TARGET_NAME)";
			};
			name = Debug;
		};
		5C052A781A6ED7E80016B6AA /* Release */ = {
			isa = XCBuildConfiguration;
			buildSettings = {
				ASSETCATALOG_COMPILER_APPICON_NAME = AppIcon;
				INFOPLIST_FILE = ProlificInterviewQuestion/Info.plist;
				LD_RUNPATH_SEARCH_PATHS = "$(inherited) @executable_path/Frameworks";
				PRODUCT_NAME = "$(TARGET_NAME)";
			};
			name = Release;
		};
		5C052A7A1A6ED7E80016B6AA /* Debug */ = {
			isa = XCBuildConfiguration;
			buildSettings = {
				BUNDLE_LOADER = "$(TEST_HOST)";
				FRAMEWORK_SEARCH_PATHS = (
					"$(SDKROOT)/Developer/Library/Frameworks",
					"$(inherited)",
				);
				GCC_PREPROCESSOR_DEFINITIONS = (
					"DEBUG=1",
					"$(inherited)",
				);
				INFOPLIST_FILE = ProlificInterviewQuestionTests/Info.plist;
				LD_RUNPATH_SEARCH_PATHS = "$(inherited) @executable_path/Frameworks @loader_path/Frameworks";
				PRODUCT_NAME = "$(TARGET_NAME)";
				TEST_HOST = "$(BUILT_PRODUCTS_DIR)/ProlificInterviewQuestion.app/ProlificInterviewQuestion";
			};
			name = Debug;
		};
		5C052A7B1A6ED7E80016B6AA /* Release */ = {
			isa = XCBuildConfiguration;
			buildSettings = {
				BUNDLE_LOADER = "$(TEST_HOST)";
				FRAMEWORK_SEARCH_PATHS = (
					"$(SDKROOT)/Developer/Library/Frameworks",
					"$(inherited)",
				);
				INFOPLIST_FILE = ProlificInterviewQuestionTests/Info.plist;
				LD_RUNPATH_SEARCH_PATHS = "$(inherited) @executable_path/Frameworks @loader_path/Frameworks";
				PRODUCT_NAME = "$(TARGET_NAME)";
				TEST_HOST = "$(BUILT_PRODUCTS_DIR)/ProlificInterviewQuestion.app/ProlificInterviewQuestion";
			};
			name = Release;
		};
/* End XCBuildConfiguration section */

/* Begin XCConfigurationList section */
		5C052A4E1A6ED7E70016B6AA /* Build configuration list for PBXProject "ProlificInterviewQuestion" */ = {
			isa = XCConfigurationList;
			buildConfigurations = (
				5C052A741A6ED7E80016B6AA /* Debug */,
				5C052A751A6ED7E80016B6AA /* Release */,
			);
			defaultConfigurationIsVisible = 0;
			defaultConfigurationName = Release;
		};
		5C052A761A6ED7E80016B6AA /* Build configuration list for PBXNativeTarget "ProlificInterviewQuestion" */ = {
			isa = XCConfigurationList;
			buildConfigurations = (
				5C052A771A6ED7E80016B6AA /* Debug */,
				5C052A781A6ED7E80016B6AA /* Release */,
			);
			defaultConfigurationIsVisible = 0;
		};
		5C052A791A6ED7E80016B6AA /* Build configuration list for PBXNativeTarget "ProlificInterviewQuestionTests" */ = {
			isa = XCConfigurationList;
			buildConfigurations = (
				5C052A7A1A6ED7E80016B6AA /* Debug */,
				5C052A7B1A6ED7E80016B6AA /* Release */,
			);
			defaultConfigurationIsVisible = 0;
		};
/* End XCConfigurationList section */
	};
	rootObject = 5C052A4B1A6ED7E70016B6AA /* Project object */;
}
